<?xml version="1.0" encoding="utf-8"?>
<Project ToolsVersion="4.0" xmlns="http://schemas.microsoft.com/developer/msbuild/2003">
  <ItemGroup>
    <Filter Include="Source Files">
      <UniqueIdentifier>{4FC737F1-C7A5-4376-A066-2A32D752A2FF}</UniqueIdentifier>
      <Extensions>cpp;c;cc;cxx;def;odl;idl;hpj;bat;asm;asmx</Extensions>
    </Filter>
    <Filter Include="Header Files">
      <UniqueIdentifier>{93995380-89BD-4b04-88EB-625FBE52EBFB}</UniqueIdentifier>
      <Extensions>h;hpp;hxx;hm;inl;inc;xsd</Extensions>
    </Filter>
    <Filter Include="Resource Files">
      <UniqueIdentifier>{67DA6AB6-F800-4c08-8B7A-83BB121AAD01}</UniqueIdentifier>
      <Extensions>rc;ico;cur;bmp;dlg;rc2;rct;bin;rgs;gif;jpg;jpeg;jpe;resx;tiff;tif;png;wav;mfcribbon-ms</Extensions>
    </Filter>
    <Filter Include="Archive">
      <UniqueIdentifier>{1a5a8bf4-a81d-4559-ae27-25dfef97efea}</UniqueIdentifier>
    </Filter>
    <Filter Include="Serialization">
      <UniqueIdentifier>{cf49a269-3bc3-4928-92b8-8c441a56d72e}</UniqueIdentifier>
    </Filter>
  </ItemGroup>
  <ItemGroup>
    <ClInclude Include="JDsClipboard.h">
      <Filter>Header Files</Filter>
    </ClInclude>
    <ClInclude Include="Stdafx.h">
      <Filter>Header Files</Filter>
    </ClInclude>
    <ClInclude Include="resource.h">
      <Filter>Header Files</Filter>
    </ClInclude>
    <ClInclude Include="JDsClipArchive\Archive.h">
      <Filter>Archive</Filter>
    </ClInclude>
    <ClInclude Include="JDsClipArchive\Exception.h">
      <Filter>Archive</Filter>
    </ClInclude>
    <ClInclude Include="JDsClipArchive\File.h">
      <Filter>Archive</Filter>
    </ClInclude>
    <ClInclude Include="Serialization\JDsClipboardObject.h">
      <Filter>Serialization</Filter>
    </ClInclude>
    <ClInclude Include="Serialization\JDsClipboardStringObject.h">
      <Filter>Serialization</Filter>
    </ClInclude>
    <ClInclude Include="Serialization\JDsClipboardImageObject.h">
      <Filter>Serialization</Filter>
    </ClInclude>
    <ClInclude Include="JDsClipboardPicture.h">
      <Filter>Header Files</Filter>
    </ClInclude>
  </ItemGroup>
  <ItemGroup>
    <ClCompile Include="JDsClipboard.cpp">
      <Filter>Source Files</Filter>
    </ClCompile>
    <ClCompile Include="Stdafx.cpp">
      <Filter>Source Files</Filter>
    </ClCompile>
    <ClCompile Include="JDsClipArchive\Archive.cpp">
      <Filter>Archive</Filter>
    </ClCompile>
    <ClCompile Include="JDsClipArchive\File.cpp">
      <Filter>Archive</Filter>
    </ClCompile>
    <ClCompile Include="Serialization\JDsClipboardObject.cpp">
      <Filter>Serialization</Filter>
    </ClCompile>
    <ClCompile Include="Serialization\JDsClipboardStringObject.cpp">
      <Filter>Serialization</Filter>
    </ClCompile>
    <ClCompile Include="Serialization\JDsClipboardImageObject.cpp">
      <Filter>Serialization</Filter>
    </ClCompile>
  </ItemGroup>
  <ItemGroup>
    <None Include="ReadMe.txt" />
    <None Include="app.ico">
      <Filter>Resource Files</Filter>
    </None>
  </ItemGroup>
  <ItemGroup>
    <ResourceCompile Include="app.rc">
      <Filter>Resource Files</Filter>
    </ResourceCompile>
  </ItemGroup>
</Project>