
Microsoft Visual Studio Solution File, Format Version 11.00
# Visual Studio 2010
Project("{8BC9CEB8-8B4A-11D0-8D11-00A0C91BC942}") = "ChilkatSSLClient", "ChilkatSSLClient\ChilkatSSLClient.vcxproj", "{2C44C578-A8C8-404A-9321-8CA7F6AB6A82}"
EndProject
Project("{8BC9CEB8-8B4A-11D0-8D11-00A0C91BC942}") = "ChilkatSSLServer", "ChilkatSSLServer\ChilkatSSLServer.vcxproj", "{756ECF33-923A-459E-8191-875B23F264C2}"
EndProject
Global
	GlobalSection(SolutionConfigurationPlatforms) = preSolution
		Debug|Win32 = Debug|Win32
		Release|Win32 = Release|Win32
	EndGlobalSection
	GlobalSection(ProjectConfigurationPlatforms) = postSolution
		{2C44C578-A8C8-404A-9321-8CA7F6AB6A82}.Debug|Win32.ActiveCfg = Debug|Win32
		{2C44C578-A8C8-404A-9321-8CA7F6AB6A82}.Debug|Win32.Build.0 = Debug|Win32
		{2C44C578-A8C8-404A-9321-8CA7F6AB6A82}.Release|Win32.ActiveCfg = Release|Win32
		{2C44C578-A8C8-404A-9321-8CA7F6AB6A82}.Release|Win32.Build.0 = Release|Win32
		{756ECF33-923A-459E-8191-875B23F264C2}.Debug|Win32.ActiveCfg = Debug|Win32
		{756ECF33-923A-459E-8191-875B23F264C2}.Debug|Win32.Build.0 = Debug|Win32
		{756ECF33-923A-459E-8191-875B23F264C2}.Release|Win32.ActiveCfg = Release|Win32
		{756ECF33-923A-459E-8191-875B23F264C2}.Release|Win32.Build.0 = Release|Win32
	EndGlobalSection
	GlobalSection(SolutionProperties) = preSolution
		HideSolutionNode = FALSE
	EndGlobalSection
EndGlobal
